
Microsoft Visual Studio Solution File, Format Version 12.00
# Visual Studio Version 16
VisualStudioVersion = 16.0.31213.239
MinimumVisualStudioVersion = 10.0.40219.1
Project("{FAE04EC0-301F-11D3-BF4B-00C04F79EFBC}") = "Webservice.REST", "Webservice.REST\Webservice.REST.csproj", "{BB6794D3-7915-4F76-8021-F8D44C6C1ECF}"
EndProject
Global
	GlobalSection(SolutionConfigurationPlatforms) = preSolution
		Debug|Any CPU = Debug|Any CPU
		Release|Any CPU = Release|Any CPU
	EndGlobalSection
	GlobalSection(ProjectConfigurationPlatforms) = postSolution
		{BB6794D3-7915-4F76-8021-F8D44C6C1ECF}.Debug|Any CPU.ActiveCfg = Debug|Any CPU
		{BB6794D3-7915-4F76-8021-F8D44C6C1ECF}.Debug|Any CPU.Build.0 = Debug|Any CPU
		{BB6794D3-7915-4F76-8021-F8D44C6C1ECF}.Release|Any CPU.ActiveCfg = Release|Any CPU
		{BB6794D3-7915-4F76-8021-F8D44C6C1ECF}.Release|Any CPU.Build.0 = Release|Any CPU
	EndGlobalSection
	GlobalSection(SolutionProperties) = preSolution
		HideSolutionNode = FALSE
	EndGlobalSection
	GlobalSection(ExtensibilityGlobals) = postSolution
		SolutionGuid = {A78B0912-75EC-4484-BB30-88E571C132E5}
	EndGlobalSection
EndGlobal
